
Microsoft Visual Studio Solution File, Format Version 12.00
# Visual Studio Version 17
VisualStudioVersion = 17.3.32901.215
MinimumVisualStudioVersion = 10.0.40219.1
Project("{FAE04EC0-301F-11D3-BF4B-00C04F79EFBC}") = "TemperatureSensor", "TemperatureSensor\TemperatureSensor.csproj", "{0632488D-8673-4F28-A956-7F84E4685326}"
EndProject
Project("{FAE04EC0-301F-11D3-BF4B-00C04F79EFBC}") = "CalculationTemperature", "CalculationMethodsTemperature\CalculationTemperature.csproj", "{ED8C81AA-86CA-4476-A3F9-51B4D73E3D25}"
EndProject
Global
	GlobalSection(SolutionConfigurationPlatforms) = preSolution
		Debug|Any CPU = Debug|Any CPU
		Release|Any CPU = Release|Any CPU
	EndGlobalSection
	GlobalSection(ProjectConfigurationPlatforms) = postSolution
		{0632488D-8673-4F28-A956-7F84E4685326}.Debug|Any CPU.ActiveCfg = Debug|Any CPU
		{0632488D-8673-4F28-A956-7F84E4685326}.Debug|Any CPU.Build.0 = Debug|Any CPU
		{0632488D-8673-4F28-A956-7F84E4685326}.Release|Any CPU.ActiveCfg = Release|Any CPU
		{0632488D-8673-4F28-A956-7F84E4685326}.Release|Any CPU.Build.0 = Release|Any CPU
		{ED8C81AA-86CA-4476-A3F9-51B4D73E3D25}.Debug|Any CPU.ActiveCfg = Debug|Any CPU
		{ED8C81AA-86CA-4476-A3F9-51B4D73E3D25}.Debug|Any CPU.Build.0 = Debug|Any CPU
		{ED8C81AA-86CA-4476-A3F9-51B4D73E3D25}.Release|Any CPU.ActiveCfg = Release|Any CPU
		{ED8C81AA-86CA-4476-A3F9-51B4D73E3D25}.Release|Any CPU.Build.0 = Release|Any CPU
	EndGlobalSection
	GlobalSection(SolutionProperties) = preSolution
		HideSolutionNode = FALSE
	EndGlobalSection
	GlobalSection(ExtensibilityGlobals) = postSolution
		SolutionGuid = {D36D948B-67B3-49CD-86E8-47C899506A6D}
	EndGlobalSection
EndGlobal
